# generated by rye
# use `rye lock` or `rye sync` to update this lockfile
#
# last locked with the following flags:
#   pre: false
#   features: []
#   all-features: false
#   with-sources: false
#   generate-hashes: false
#   universal: false

-e file:.
diskcache==5.6.3
    # via llama-cpp-python
jinja2==3.1.4
    # via llama-cpp-python
llama-cpp-python==0.2.89
    # via onett
markupsafe==2.1.5
    # via jinja2
numpy==2.1.0
    # via llama-cpp-python
    # via onett
typing-extensions==4.12.2
    # via llama-cpp-python
